
Microsoft Visual Studio Solution File, Format Version 12.00
# Visual Studio 15
VisualStudioVersion = 15.0.28307.421
MinimumVisualStudioVersion = 10.0.40219.1
Project("{FAE04EC0-301F-11D3-BF4B-00C04F79EFBC}") = "StringIO_TextView", "StringIO_TextView\StringIO_TextView.csproj", "{D4BDB0DB-A2C3-435D-920B-573A0C84889F}"
EndProject
Global
	GlobalSection(SolutionConfigurationPlatforms) = preSolution
		Debug|Any CPU = Debug|Any CPU
		Release|Any CPU = Release|Any CPU
	EndGlobalSection
	GlobalSection(ProjectConfigurationPlatforms) = postSolution
		{D4BDB0DB-A2C3-435D-920B-573A0C84889F}.Debug|Any CPU.ActiveCfg = Debug|Any CPU
		{D4BDB0DB-A2C3-435D-920B-573A0C84889F}.Debug|Any CPU.Build.0 = Debug|Any CPU
		{D4BDB0DB-A2C3-435D-920B-573A0C84889F}.Release|Any CPU.ActiveCfg = Release|Any CPU
		{D4BDB0DB-A2C3-435D-920B-573A0C84889F}.Release|Any CPU.Build.0 = Release|Any CPU
	EndGlobalSection
	GlobalSection(SolutionProperties) = preSolution
		HideSolutionNode = FALSE
	EndGlobalSection
	GlobalSection(ExtensibilityGlobals) = postSolution
		SolutionGuid = {C4076B6F-A331-4815-806C-AE9CD2AF141A}
	EndGlobalSection
EndGlobal
